<?xml version="1.0" encoding="utf-8"?>
<Project ToolsVersion="4.0" xmlns="http://schemas.microsoft.com/developer/msbuild/2003">
  <ItemGroup>
    <Filter Include="Renderer">
      <UniqueIdentifier>{ddb17eba-e15e-4597-8bf6-064b16b159d3}</UniqueIdentifier>
    </Filter>
    <Filter Include="Helpers">
      <UniqueIdentifier>{72056cb6-72a2-42b7-b05e-376f1ddd957e}</UniqueIdentifier>
    </Filter>
    <Filter Include="Helpers\Managers">
      <UniqueIdentifier>{83078250-3681-4239-9052-a1303175711e}</UniqueIdentifier>
    </Filter>
    <Filter Include="Renderer\Objects">
      <UniqueIdentifier>{29cc1fd4-06fe-44b2-9a62-251e7d45a455}</UniqueIdentifier>
    </Filter>
    <Filter Include="Renderer\Objects\Lights">
      <UniqueIdentifier>{f5449bea-1ae5-42e4-983d-53355f5a1c5c}</UniqueIdentifier>
    </Filter>
    <Filter Include="Renderer\Shading">
      <UniqueIdentifier>{47f90200-5622-42e0-a8c0-b978e817777e}</UniqueIdentifier>
    </Filter>
    <Filter Include="Math">
      <UniqueIdentifier>{0801cd8e-d754-4039-8d10-f33aaf7f1c6b}</UniqueIdentifier>
    </Filter>
    <Filter Include="Helpers\CUDA">
      <UniqueIdentifier>{5071df48-f904-44c8-a67f-059a6c47ddee}</UniqueIdentifier>
    </Filter>
    <Filter Include="Helpers\FrameWork">
      <UniqueIdentifier>{eafcfcd9-00d3-4791-80a1-1b562c612e73}</UniqueIdentifier>
    </Filter>
    <Filter Include="Helpers\CUDA\Textures">
      <UniqueIdentifier>{97491f2a-5188-4c58-ba2d-57c569085886}</UniqueIdentifier>
    </Filter>
  </ItemGroup>
  <ItemGroup>
    <CudaCompile Include="main.cpp" />
    <CudaCompile Include="CUDAROPs.cu">
      <Filter>Helpers\CUDA</Filter>
    </CudaCompile>
    <CudaCompile Include="CUDARenderer.cu">
      <Filter>Helpers\CUDA</Filter>
    </CudaCompile>
  </ItemGroup>
  <ItemGroup>
    <ClCompile Include="PCH.cpp" />
    <ClCompile Include="SceneGraph.cpp">
      <Filter>Helpers\Managers</Filter>
    </ClCompile>
    <ClCompile Include="SceneManager.cpp">
      <Filter>Helpers\Managers</Filter>
    </ClCompile>
    <ClCompile Include="EventManager.cpp">
      <Filter>Helpers\Managers</Filter>
    </ClCompile>
    <ClCompile Include="Light.cpp">
      <Filter>Renderer\Objects\Lights</Filter>
    </ClCompile>
    <ClCompile Include="PointLight.cpp">
      <Filter>Renderer\Objects\Lights</Filter>
    </ClCompile>
    <ClCompile Include="DirectionalLight.cpp">
      <Filter>Renderer\Objects\Lights</Filter>
    </ClCompile>
    <ClCompile Include="TriangleOps.cpp">
      <Filter>Renderer\Objects</Filter>
    </ClCompile>
    <ClCompile Include="Texture.cpp">
      <Filter>Renderer\Shading</Filter>
    </ClCompile>
    <ClCompile Include="CUDABenchMarker.cpp">
      <Filter>Helpers\CUDA</Filter>
    </ClCompile>
    <ClCompile Include="Resolution.cpp">
      <Filter>Helpers</Filter>
    </ClCompile>
    <ClCompile Include="Camera.cpp">
      <Filter>Helpers\FrameWork</Filter>
    </ClCompile>
    <ClCompile Include="ETimer.cpp">
      <Filter>Helpers\FrameWork</Filter>
    </ClCompile>
    <ClCompile Include="ObjParser.cpp">
      <Filter>Helpers\FrameWork</Filter>
    </ClCompile>
    <ClCompile Include="Mesh.cpp">
      <Filter>Renderer\Objects</Filter>
    </ClCompile>
    <ClCompile Include="CUDAMesh.cpp">
      <Filter>Helpers\CUDA</Filter>
    </ClCompile>
    <ClCompile Include="CUDATexture.cpp">
      <Filter>Helpers\CUDA\Textures</Filter>
    </ClCompile>
    <ClCompile Include="Application.cpp">
      <Filter>Helpers\FrameWork</Filter>
    </ClCompile>
    <ClCompile Include="CUDATextureManager.cpp">
      <Filter>Helpers\Managers</Filter>
    </ClCompile>
    <ClCompile Include="CUDASceneGraph.cpp">
      <Filter>Helpers\CUDA</Filter>
    </ClCompile>
  </ItemGroup>
  <ItemGroup>
    <ClInclude Include="PCH.h" />
    <ClInclude Include="SceneManager.h">
      <Filter>Helpers\Managers</Filter>
    </ClInclude>
    <ClInclude Include="SceneGraph.h">
      <Filter>Helpers\Managers</Filter>
    </ClInclude>
    <ClInclude Include="EventManager.h">
      <Filter>Helpers\Managers</Filter>
    </ClInclude>
    <ClInclude Include="Light.h">
      <Filter>Renderer\Objects\Lights</Filter>
    </ClInclude>
    <ClInclude Include="PointLight.h">
      <Filter>Renderer\Objects\Lights</Filter>
    </ClInclude>
    <ClInclude Include="DirectionalLight.h">
      <Filter>Renderer\Objects\Lights</Filter>
    </ClInclude>
    <ClInclude Include="TriangleOps.h">
      <Filter>Renderer\Objects</Filter>
    </ClInclude>
    <ClInclude Include="Mesh.h">
      <Filter>Renderer\Objects</Filter>
    </ClInclude>
    <ClInclude Include="Texture.h">
      <Filter>Renderer\Shading</Filter>
    </ClInclude>
    <ClInclude Include="Vertex.h">
      <Filter>Renderer\Shading</Filter>
    </ClInclude>
    <ClInclude Include="BoundingBox.h">
      <Filter>Helpers</Filter>
    </ClInclude>
    <ClInclude Include="Math.h">
      <Filter>Math</Filter>
    </ClInclude>
    <ClInclude Include="MathUtilities.h">
      <Filter>Math</Filter>
    </ClInclude>
    <ClInclude Include="Matrix.h">
      <Filter>Math</Filter>
    </ClInclude>
    <ClInclude Include="Matrix2.h">
      <Filter>Math</Filter>
    </ClInclude>
    <ClInclude Include="Matrix3.h">
      <Filter>Math</Filter>
    </ClInclude>
    <ClInclude Include="Point.h">
      <Filter>Math</Filter>
    </ClInclude>
    <ClInclude Include="Point2.h">
      <Filter>Math</Filter>
    </ClInclude>
    <ClInclude Include="Point3.h">
      <Filter>Math</Filter>
    </ClInclude>
    <ClInclude Include="Point4.h">
      <Filter>Math</Filter>
    </ClInclude>
    <ClInclude Include="Vector.h">
      <Filter>Math</Filter>
    </ClInclude>
    <ClInclude Include="Vector2.h">
      <Filter>Math</Filter>
    </ClInclude>
    <ClInclude Include="Vector3.h">
      <Filter>Math</Filter>
    </ClInclude>
    <ClInclude Include="Vector4.h">
      <Filter>Math</Filter>
    </ClInclude>
    <ClInclude Include="Matrix4.h">
      <Filter>Math</Filter>
    </ClInclude>
    <ClInclude Include="GPUHelpers.h">
      <Filter>Helpers</Filter>
    </ClInclude>
    <ClInclude Include="SampleState.h">
      <Filter>Renderer\Shading</Filter>
    </ClInclude>
    <ClInclude Include="CUDARenderer.h">
      <Filter>Helpers\CUDA</Filter>
    </ClInclude>
    <ClInclude Include="Textures.h">
      <Filter>Renderer\Shading</Filter>
    </ClInclude>
    <ClInclude Include="CullingMode.h">
      <Filter>Renderer</Filter>
    </ClInclude>
    <ClInclude Include="CUDABenchMarker.h">
      <Filter>Helpers\CUDA</Filter>
    </ClInclude>
    <ClInclude Include="PrimitiveTopology.h">
      <Filter>Renderer</Filter>
    </ClInclude>
    <ClInclude Include="VertexType.h">
      <Filter>Renderer</Filter>
    </ClInclude>
    <ClInclude Include="MemoryConversionStrings.h" />
    <ClInclude Include="CUDAMatrixMath.cuh">
      <Filter>Helpers\CUDA</Filter>
    </ClInclude>
    <ClInclude Include="CUDAAtomicQueue.cuh">
      <Filter>Helpers\CUDA</Filter>
    </ClInclude>
    <ClInclude Include="Resolution.h">
      <Filter>Helpers</Filter>
    </ClInclude>
    <ClInclude Include="Camera.h">
      <Filter>Helpers\FrameWork</Filter>
    </ClInclude>
    <ClInclude Include="ETimer.h">
      <Filter>Helpers\FrameWork</Filter>
    </ClInclude>
    <ClInclude Include="ObjParser.h">
      <Filter>Helpers\FrameWork</Filter>
    </ClInclude>
    <ClInclude Include="RGBColor.h">
      <Filter>Helpers\FrameWork</Filter>
    </ClInclude>
    <ClInclude Include="RGBRaw.h">
      <Filter>Helpers\FrameWork</Filter>
    </ClInclude>
    <ClInclude Include="Structs.h">
      <Filter>Helpers\FrameWork</Filter>
    </ClInclude>
    <ClInclude Include="WindowHelper.h">
      <Filter>Helpers\FrameWork</Filter>
    </ClInclude>
    <ClInclude Include="CUDAStructs.h">
      <Filter>Helpers\CUDA</Filter>
    </ClInclude>
    <ClInclude Include="CUDAMesh.h">
      <Filter>Helpers\CUDA</Filter>
    </ClInclude>
    <ClInclude Include="CUDAWindowHelper.h">
      <Filter>Helpers\CUDA</Filter>
    </ClInclude>
    <ClInclude Include="CUDATextureSampler.cuh">
      <Filter>Helpers\CUDA\Textures</Filter>
    </ClInclude>
    <ClInclude Include="CUDATexture.h">
      <Filter>Helpers\CUDA\Textures</Filter>
    </ClInclude>
    <ClInclude Include="DEFINES.h" />
    <ClInclude Include="VisualisationState.h">
      <Filter>Renderer\Shading</Filter>
    </ClInclude>
    <ClInclude Include="Application.h">
      <Filter>Helpers\FrameWork</Filter>
    </ClInclude>
    <ClInclude Include="CUDATextureManager.h">
      <Filter>Helpers\Managers</Filter>
    </ClInclude>
    <ClInclude Include="CUDASceneGraph.h">
      <Filter>Helpers\CUDA</Filter>
    </ClInclude>
  </ItemGroup>
  <ItemGroup>
    <None Include="CustomCUDARasterizer.props" />
    <None Include="cpp.hint" />
  </ItemGroup>
</Project>